
Microsoft Visual Studio Solution File, Format Version 12.00
# Visual Studio Version 17
VisualStudioVersion = 17.1.32210.238
MinimumVisualStudioVersion = 10.0.40219.1
Project("{2150E333-8FDC-42A3-9474-1A3956D46DE8}") = "message-channel", "message-channel", "{9A9383E8-C784-4632-BFB6-10077FC20471}"
EndProject
Project("{2150E333-8FDC-42A3-9474-1A3956D46DE8}") = "point-to-point", "point-to-point", "{54762F98-D0BA-45C8-8997-9A09B6D11897}"
EndProject
Project("{2150E333-8FDC-42A3-9474-1A3956D46DE8}") = "rabbitmq-sample", "rabbitmq-sample", "{FBB9C58B-5FC4-4370-B326-8CCAA88DE40D}"
EndProject
Project("{9A19103F-16F7-4668-BE54-9A1E7A4F7556}") = "producer", "message-driven\message-channel\point-to-point\rabbitmq-sample\producer\producer.csproj", "{02A5295D-2538-4BD3-AB7B-55715ED6FFBB}"
EndProject
Project("{9A19103F-16F7-4668-BE54-9A1E7A4F7556}") = "consumer", "message-driven\message-channel\point-to-point\rabbitmq-sample\consumer\consumer.csproj", "{C3451AB4-8400-42B6-8036-0D0BC47A2FCF}"
EndProject
Project("{2150E333-8FDC-42A3-9474-1A3956D46DE8}") = "publish-subscribe", "publish-subscribe", "{DB0783B1-FF00-4ED3-A14D-996B36CB8C04}"
EndProject
Project("{9A19103F-16F7-4668-BE54-9A1E7A4F7556}") = "producer", "message-driven\message-channel\publish-subscribe\rabbitmq-sample\producer\producer.csproj", "{8166A53E-B067-4C38-83ED-17833F42D705}"
EndProject
Project("{9A19103F-16F7-4668-BE54-9A1E7A4F7556}") = "consumer", "message-driven\message-channel\publish-subscribe\rabbitmq-sample\consumer\consumer.csproj", "{EF01ECF3-672B-422B-B3F3-4CDDC6C57E49}"
EndProject
Project("{2150E333-8FDC-42A3-9474-1A3956D46DE8}") = "rabbitmq-sample", "rabbitmq-sample", "{44B359B7-C157-4766-B4A4-4F5C7FA352FD}"
EndProject
Project("{2150E333-8FDC-42A3-9474-1A3956D46DE8}") = "datatype", "datatype", "{C53CE628-9AC0-47D1-86C0-602CB764D0ED}"
EndProject
Project("{2150E333-8FDC-42A3-9474-1A3956D46DE8}") = "rabbitmq-sample", "rabbitmq-sample", "{95329042-5859-4E74-8ECF-915D6DEC56E0}"
EndProject
Project("{9A19103F-16F7-4668-BE54-9A1E7A4F7556}") = "producer", "message-driven\message-channel\datatype\rabbitmq-sample\producer\producer.csproj", "{947F7EC7-0B2F-431A-B311-D86DD3B25CE6}"
EndProject
Project("{9A19103F-16F7-4668-BE54-9A1E7A4F7556}") = "consumer", "message-driven\message-channel\datatype\rabbitmq-sample\consumer\consumer.csproj", "{7CE84D76-E700-4C3E-9364-56566ADE9E53}"
EndProject
Project("{2150E333-8FDC-42A3-9474-1A3956D46DE8}") = "invalid-message", "invalid-message", "{39CF4C9F-35A9-4E3E-A390-8F7371F10CA8}"
EndProject
Project("{2150E333-8FDC-42A3-9474-1A3956D46DE8}") = "rabbitmq-sample", "rabbitmq-sample", "{B2B6F985-E152-47F3-8B4C-8B8A576B04AE}"
EndProject
Project("{9A19103F-16F7-4668-BE54-9A1E7A4F7556}") = "producer", "message-driven\message-channel\invalid-message\rabbitmq-sample\producer\producer.csproj", "{346842CB-45C5-48D1-8CBA-BE044740F222}"
EndProject
Project("{9A19103F-16F7-4668-BE54-9A1E7A4F7556}") = "consumer", "message-driven\message-channel\invalid-message\rabbitmq-sample\consumer\consumer.csproj", "{42F4FF9D-E1EA-4363-B717-1E7CF8DDBC2A}"
EndProject
Project("{2150E333-8FDC-42A3-9474-1A3956D46DE8}") = "message-driven", "message-driven", "{C860658D-ABDE-47EE-8788-4F0A366DFECC}"
EndProject
Project("{2150E333-8FDC-42A3-9474-1A3956D46DE8}") = "dead-letter", "dead-letter", "{012DE817-2723-4FF3-806C-5FA2CF0C9393}"
EndProject
Project("{2150E333-8FDC-42A3-9474-1A3956D46DE8}") = "rabbitmq-sample", "rabbitmq-sample", "{10202758-BCEA-4A88-9268-FB3D0AAEDCDC}"
EndProject
Project("{9A19103F-16F7-4668-BE54-9A1E7A4F7556}") = "producer", "message-driven\message-channel\dead-letter\producer\producer.csproj", "{58527A06-49A6-41E3-B371-3F7A5743672B}"
EndProject
Project("{2150E333-8FDC-42A3-9474-1A3956D46DE8}") = "guaranteed", "guaranteed", "{C35FF3CC-86CC-466E-8C36-18CEF8D44E4C}"
EndProject
Project("{2150E333-8FDC-42A3-9474-1A3956D46DE8}") = "rabbitmq-sample", "rabbitmq-sample", "{F13A8878-9E79-4062-AED2-2D4BC9DF0286}"
EndProject
Project("{9A19103F-16F7-4668-BE54-9A1E7A4F7556}") = "producer", "message-driven\message-channel\guaranteed\rabbit-example\acknowledgements\producer\producer.csproj", "{6B1CB872-F64F-457B-A87C-83EC444F370F}"
EndProject
Project("{9A19103F-16F7-4668-BE54-9A1E7A4F7556}") = "consumer", "message-driven\message-channel\guaranteed\rabbit-example\acknowledgements\consumer\consumer.csproj", "{77101E74-BA0E-4EA1-9A26-2C96B3414629}"
EndProject
Project("{2150E333-8FDC-42A3-9474-1A3956D46DE8}") = "acknowledgements", "acknowledgements", "{55301D19-0549-42CE-B6C4-60A955F50991}"
EndProject
Global
	GlobalSection(SolutionConfigurationPlatforms) = preSolution
		Debug|Any CPU = Debug|Any CPU
		Release|Any CPU = Release|Any CPU
	EndGlobalSection
	GlobalSection(ProjectConfigurationPlatforms) = postSolution
		{02A5295D-2538-4BD3-AB7B-55715ED6FFBB}.Debug|Any CPU.ActiveCfg = Debug|Any CPU
		{02A5295D-2538-4BD3-AB7B-55715ED6FFBB}.Debug|Any CPU.Build.0 = Debug|Any CPU
		{02A5295D-2538-4BD3-AB7B-55715ED6FFBB}.Release|Any CPU.ActiveCfg = Release|Any CPU
		{02A5295D-2538-4BD3-AB7B-55715ED6FFBB}.Release|Any CPU.Build.0 = Release|Any CPU
		{C3451AB4-8400-42B6-8036-0D0BC47A2FCF}.Debug|Any CPU.ActiveCfg = Debug|Any CPU
		{C3451AB4-8400-42B6-8036-0D0BC47A2FCF}.Debug|Any CPU.Build.0 = Debug|Any CPU
		{C3451AB4-8400-42B6-8036-0D0BC47A2FCF}.Release|Any CPU.ActiveCfg = Release|Any CPU
		{C3451AB4-8400-42B6-8036-0D0BC47A2FCF}.Release|Any CPU.Build.0 = Release|Any CPU
		{8166A53E-B067-4C38-83ED-17833F42D705}.Debug|Any CPU.ActiveCfg = Debug|Any CPU
		{8166A53E-B067-4C38-83ED-17833F42D705}.Debug|Any CPU.Build.0 = Debug|Any CPU
		{8166A53E-B067-4C38-83ED-17833F42D705}.Release|Any CPU.ActiveCfg = Release|Any CPU
		{8166A53E-B067-4C38-83ED-17833F42D705}.Release|Any CPU.Build.0 = Release|Any CPU
		{EF01ECF3-672B-422B-B3F3-4CDDC6C57E49}.Debug|Any CPU.ActiveCfg = Debug|Any CPU
		{EF01ECF3-672B-422B-B3F3-4CDDC6C57E49}.Debug|Any CPU.Build.0 = Debug|Any CPU
		{EF01ECF3-672B-422B-B3F3-4CDDC6C57E49}.Release|Any CPU.ActiveCfg = Release|Any CPU
		{EF01ECF3-672B-422B-B3F3-4CDDC6C57E49}.Release|Any CPU.Build.0 = Release|Any CPU
		{947F7EC7-0B2F-431A-B311-D86DD3B25CE6}.Debug|Any CPU.ActiveCfg = Debug|Any CPU
		{947F7EC7-0B2F-431A-B311-D86DD3B25CE6}.Debug|Any CPU.Build.0 = Debug|Any CPU
		{947F7EC7-0B2F-431A-B311-D86DD3B25CE6}.Release|Any CPU.ActiveCfg = Release|Any CPU
		{947F7EC7-0B2F-431A-B311-D86DD3B25CE6}.Release|Any CPU.Build.0 = Release|Any CPU
		{7CE84D76-E700-4C3E-9364-56566ADE9E53}.Debug|Any CPU.ActiveCfg = Debug|Any CPU
		{7CE84D76-E700-4C3E-9364-56566ADE9E53}.Debug|Any CPU.Build.0 = Debug|Any CPU
		{7CE84D76-E700-4C3E-9364-56566ADE9E53}.Release|Any CPU.ActiveCfg = Release|Any CPU
		{7CE84D76-E700-4C3E-9364-56566ADE9E53}.Release|Any CPU.Build.0 = Release|Any CPU
		{346842CB-45C5-48D1-8CBA-BE044740F222}.Debug|Any CPU.ActiveCfg = Debug|Any CPU
		{346842CB-45C5-48D1-8CBA-BE044740F222}.Debug|Any CPU.Build.0 = Debug|Any CPU
		{346842CB-45C5-48D1-8CBA-BE044740F222}.Release|Any CPU.ActiveCfg = Release|Any CPU
		{346842CB-45C5-48D1-8CBA-BE044740F222}.Release|Any CPU.Build.0 = Release|Any CPU
		{42F4FF9D-E1EA-4363-B717-1E7CF8DDBC2A}.Debug|Any CPU.ActiveCfg = Debug|Any CPU
		{42F4FF9D-E1EA-4363-B717-1E7CF8DDBC2A}.Debug|Any CPU.Build.0 = Debug|Any CPU
		{42F4FF9D-E1EA-4363-B717-1E7CF8DDBC2A}.Release|Any CPU.ActiveCfg = Release|Any CPU
		{42F4FF9D-E1EA-4363-B717-1E7CF8DDBC2A}.Release|Any CPU.Build.0 = Release|Any CPU
		{58527A06-49A6-41E3-B371-3F7A5743672B}.Debug|Any CPU.ActiveCfg = Debug|Any CPU
		{58527A06-49A6-41E3-B371-3F7A5743672B}.Debug|Any CPU.Build.0 = Debug|Any CPU
		{58527A06-49A6-41E3-B371-3F7A5743672B}.Release|Any CPU.ActiveCfg = Release|Any CPU
		{58527A06-49A6-41E3-B371-3F7A5743672B}.Release|Any CPU.Build.0 = Release|Any CPU
		{6B1CB872-F64F-457B-A87C-83EC444F370F}.Debug|Any CPU.ActiveCfg = Debug|Any CPU
		{6B1CB872-F64F-457B-A87C-83EC444F370F}.Debug|Any CPU.Build.0 = Debug|Any CPU
		{6B1CB872-F64F-457B-A87C-83EC444F370F}.Release|Any CPU.ActiveCfg = Release|Any CPU
		{6B1CB872-F64F-457B-A87C-83EC444F370F}.Release|Any CPU.Build.0 = Release|Any CPU
		{77101E74-BA0E-4EA1-9A26-2C96B3414629}.Debug|Any CPU.ActiveCfg = Debug|Any CPU
		{77101E74-BA0E-4EA1-9A26-2C96B3414629}.Debug|Any CPU.Build.0 = Debug|Any CPU
		{77101E74-BA0E-4EA1-9A26-2C96B3414629}.Release|Any CPU.ActiveCfg = Release|Any CPU
		{77101E74-BA0E-4EA1-9A26-2C96B3414629}.Release|Any CPU.Build.0 = Release|Any CPU
	EndGlobalSection
	GlobalSection(SolutionProperties) = preSolution
		HideSolutionNode = FALSE
	EndGlobalSection
	GlobalSection(NestedProjects) = preSolution
		{9A9383E8-C784-4632-BFB6-10077FC20471} = {C860658D-ABDE-47EE-8788-4F0A366DFECC}
		{54762F98-D0BA-45C8-8997-9A09B6D11897} = {9A9383E8-C784-4632-BFB6-10077FC20471}
		{FBB9C58B-5FC4-4370-B326-8CCAA88DE40D} = {54762F98-D0BA-45C8-8997-9A09B6D11897}
		{02A5295D-2538-4BD3-AB7B-55715ED6FFBB} = {FBB9C58B-5FC4-4370-B326-8CCAA88DE40D}
		{C3451AB4-8400-42B6-8036-0D0BC47A2FCF} = {FBB9C58B-5FC4-4370-B326-8CCAA88DE40D}
		{DB0783B1-FF00-4ED3-A14D-996B36CB8C04} = {9A9383E8-C784-4632-BFB6-10077FC20471}
		{8166A53E-B067-4C38-83ED-17833F42D705} = {44B359B7-C157-4766-B4A4-4F5C7FA352FD}
		{EF01ECF3-672B-422B-B3F3-4CDDC6C57E49} = {44B359B7-C157-4766-B4A4-4F5C7FA352FD}
		{44B359B7-C157-4766-B4A4-4F5C7FA352FD} = {DB0783B1-FF00-4ED3-A14D-996B36CB8C04}
		{C53CE628-9AC0-47D1-86C0-602CB764D0ED} = {9A9383E8-C784-4632-BFB6-10077FC20471}
		{95329042-5859-4E74-8ECF-915D6DEC56E0} = {C53CE628-9AC0-47D1-86C0-602CB764D0ED}
		{947F7EC7-0B2F-431A-B311-D86DD3B25CE6} = {95329042-5859-4E74-8ECF-915D6DEC56E0}
		{7CE84D76-E700-4C3E-9364-56566ADE9E53} = {95329042-5859-4E74-8ECF-915D6DEC56E0}
		{39CF4C9F-35A9-4E3E-A390-8F7371F10CA8} = {9A9383E8-C784-4632-BFB6-10077FC20471}
		{B2B6F985-E152-47F3-8B4C-8B8A576B04AE} = {39CF4C9F-35A9-4E3E-A390-8F7371F10CA8}
		{346842CB-45C5-48D1-8CBA-BE044740F222} = {B2B6F985-E152-47F3-8B4C-8B8A576B04AE}
		{42F4FF9D-E1EA-4363-B717-1E7CF8DDBC2A} = {B2B6F985-E152-47F3-8B4C-8B8A576B04AE}
		{012DE817-2723-4FF3-806C-5FA2CF0C9393} = {9A9383E8-C784-4632-BFB6-10077FC20471}
		{10202758-BCEA-4A88-9268-FB3D0AAEDCDC} = {012DE817-2723-4FF3-806C-5FA2CF0C9393}
		{58527A06-49A6-41E3-B371-3F7A5743672B} = {10202758-BCEA-4A88-9268-FB3D0AAEDCDC}
		{C35FF3CC-86CC-466E-8C36-18CEF8D44E4C} = {9A9383E8-C784-4632-BFB6-10077FC20471}
		{F13A8878-9E79-4062-AED2-2D4BC9DF0286} = {C35FF3CC-86CC-466E-8C36-18CEF8D44E4C}
		{6B1CB872-F64F-457B-A87C-83EC444F370F} = {55301D19-0549-42CE-B6C4-60A955F50991}
		{77101E74-BA0E-4EA1-9A26-2C96B3414629} = {55301D19-0549-42CE-B6C4-60A955F50991}
		{55301D19-0549-42CE-B6C4-60A955F50991} = {F13A8878-9E79-4062-AED2-2D4BC9DF0286}
	EndGlobalSection
	GlobalSection(ExtensibilityGlobals) = postSolution
		SolutionGuid = {8BFE0D08-A7A7-4FA8-8B62-ACEDCEE37A21}
	EndGlobalSection
EndGlobal
